// !$*UTF8*$!
{
	archiveVersion = 1;
	classes = {
	};
	objectVersion = 56;
	objects = {

/* Begin PBXBuildFile section */
		C3050D0A2A2C8C8600C06E93 /* AppDelegate.swift in Sources */ = {isa = PBXBuildFile; fileRef = C3050D092A2C8C8600C06E93 /* AppDelegate.swift */; };
		C3050D0C2A2C8C8600C06E93 /* SceneDelegate.swift in Sources */ = {isa = PBXBuildFile; fileRef = C3050D0B2A2C8C8600C06E93 /* SceneDelegate.swift */; };
		C3050D0E2A2C8C8600C06E93 /* ViewController.swift in Sources */ = {isa = PBXBuildFile; fileRef = C3050D0D2A2C8C8600C06E93 /* ViewController.swift */; };
		C3050D112A2C8C8600C06E93 /* Main.storyboard in Resources */ = {isa = PBXBuildFile; fileRef = C3050D0F2A2C8C8600C06E93 /* Main.storyboard */; };
		C3050D132A2C8C8800C06E93 /* Assets.xcassets in Resources */ = {isa = PBXBuildFile; fileRef = C3050D122A2C8C8800C06E93 /* Assets.xcassets */; };
		C3050D162A2C8C8800C06E93 /* LaunchScreen.storyboard in Resources */ = {isa = PBXBuildFile; fileRef = C3050D142A2C8C8800C06E93 /* LaunchScreen.storyboard */; };
		C3050D212A2C8C8800C06E93 /* I_am_richTests.swift in Sources */ = {isa = PBXBuildFile; fileRef = C3050D202A2C8C8800C06E93 /* I_am_richTests.swift */; };
		C3050D2B2A2C8C8900C06E93 /* I_am_richUITests.swift in Sources */ = {isa = PBXBuildFile; fileRef = C3050D2A2A2C8C8900C06E93 /* I_am_richUITests.swift */; };
		C3050D2D2A2C8C8900C06E93 /* I_am_richUITestsLaunchTests.swift in Sources */ = {isa = PBXBuildFile; fileRef = C3050D2C2A2C8C8900C06E93 /* I_am_richUITestsLaunchTests.swift */; };
/* End PBXBuildFile section */

/* Begin PBXContainerItemProxy section */
		C3050D1D2A2C8C8800C06E93 /* PBXContainerItemProxy */ = {
			isa = PBXContainerItemProxy;
			containerPortal = C3050CFE2A2C8C8600C06E93 /* Project object */;
			proxyType = 1;
			remoteGlobalIDString = C3050D052A2C8C8600C06E93;
			remoteInfo = "I am rich";
		};
		C3050D272A2C8C8900C06E93 /* PBXContainerItemProxy */ = {
			isa = PBXContainerItemProxy;
			containerPortal = C3050CFE2A2C8C8600C06E93 /* Project object */;
			proxyType = 1;
			remoteGlobalIDString = C3050D052A2C8C8600C06E93;
			remoteInfo = "I am rich";
		};
/* End PBXContainerItemProxy section */

/* Begin PBXFileReference section */
		C3050D062A2C8C8600C06E93 /* I am rich.app */ = {isa = PBXFileReference; explicitFileType = wrapper.application; includeInIndex = 0; path = "I am rich.app"; sourceTree = BUILT_PRODUCTS_DIR; };
		C3050D092A2C8C8600C06E93 /* AppDelegate.swift */ = {isa = PBXFileReference; lastKnownFileType = sourcecode.swift; path = AppDelegate.swift; sourceTree = "<group>"; };
		C3050D0B2A2C8C8600C06E93 /* SceneDelegate.swift */ = {isa = PBXFileReference; lastKnownFileType = sourcecode.swift; path = SceneDelegate.swift; sourceTree = "<group>"; };
		C3050D0D2A2C8C8600C06E93 /* ViewController.swift */ = {isa = PBXFileReference; lastKnownFileType = sourcecode.swift; path = ViewController.swift; sourceTree = "<group>"; };
		C3050D102A2C8C8600C06E93 /* Base */ = {isa = PBXFileReference; lastKnownFileType = file.storyboard; name = Base; path = Base.lproj/Main.storyboard; sourceTree = "<group>"; };
		C3050D122A2C8C8800C06E93 /* Assets.xcassets */ = {isa = PBXFileReference; lastKnownFileType = folder.assetcatalog; path = Assets.xcassets; sourceTree = "<group>"; };
		C3050D152A2C8C8800C06E93 /* Base */ = {isa = PBXFileReference; lastKnownFileType = file.storyboard; name = Base; path = Base.lproj/LaunchScreen.storyboard; sourceTree = "<group>"; };
		C3050D172A2C8C8800C06E93 /* Info.plist */ = {isa = PBXFileReference; lastKnownFileType = text.plist.xml; path = Info.plist; sourceTree = "<group>"; };
		C3050D1C2A2C8C8800C06E93 /* I am richTests.xctest */ = {isa = PBXFileReference; explicitFileType = wrapper.cfbundle; includeInIndex = 0; path = "I am richTests.xctest"; sourceTree = BUILT_PRODUCTS_DIR; };
		C3050D202A2C8C8800C06E93 /* I_am_richTests.swift */ = {isa = PBXFileReference; lastKnownFileType = sourcecode.swift; path = I_am_richTests.swift; sourceTree = "<group>"; };
		C3050D262A2C8C8900C06E93 /* I am richUITests.xctest */ = {isa = PBXFileReference; explicitFileType = wrapper.cfbundle; includeInIndex = 0; path = "I am richUITests.xctest"; sourceTree = BUILT_PRODUCTS_DIR; };
		C3050D2A2A2C8C8900C06E93 /* I_am_richUITests.swift */ = {isa = PBXFileReference; lastKnownFileType = sourcecode.swift; path = I_am_richUITests.swift; sourceTree = "<group>"; };
		C3050D2C2A2C8C8900C06E93 /* I_am_richUITestsLaunchTests.swift */ = {isa = PBXFileReference; lastKnownFileType = sourcecode.swift; path = I_am_richUITestsLaunchTests.swift; sourceTree = "<group>"; };
/* End PBXFileReference section */

/* Begin PBXFrameworksBuildPhase section */
		C3050D032A2C8C8600C06E93 /* Frameworks */ = {
			isa = PBXFrameworksBuildPhase;
			buildActionMask = 2147483647;
			files = (
			);
			runOnlyForDeploymentPostprocessing = 0;
		};
		C3050D192A2C8C8800C06E93 /* Frameworks */ = {
			isa = PBXFrameworksBuildPhase;
			buildActionMask = 2147483647;
			files = (
			);
			runOnlyForDeploymentPostprocessing = 0;
		};
		C3050D232A2C8C8900C06E93 /* Frameworks */ = {
			isa = PBXFrameworksBuildPhase;
			buildActionMask = 2147483647;
			files = (
			);
			runOnlyForDeploymentPostprocessing = 0;
		};
/* End PBXFrameworksBuildPhase section */

/* Begin PBXGroup section */
		C3050CFD2A2C8C8600C06E93 = {
			isa = PBXGroup;
			children = (
				C3050D082A2C8C8600C06E93 /* I am rich */,
				C3050D1F2A2C8C8800C06E93 /* I am richTests */,
				C3050D292A2C8C8900C06E93 /* I am richUITests */,
				C3050D072A2C8C8600C06E93 /* Products */,
			);
			sourceTree = "<group>";
		};
		C3050D072A2C8C8600C06E93 /* Products */ = {
			isa = PBXGroup;
			children = (
				C3050D062A2C8C8600C06E93 /* I am rich.app */,
				C3050D1C2A2C8C8800C06E93 /* I am richTests.xctest */,
				C3050D262A2C8C8900C06E93 /* I am richUITests.xctest */,
			);
			name = Products;
			sourceTree = "<group>";
		};
		C3050D082A2C8C8600C06E93 /* I am rich */ = {
			isa = PBXGroup;
			children = (
				C3050D092A2C8C8600C06E93 /* AppDelegate.swift */,
				C3050D0B2A2C8C8600C06E93 /* SceneDelegate.swift */,
				C3050D0D2A2C8C8600C06E93 /* ViewController.swift */,
				C3050D0F2A2C8C8600C06E93 /* Main.storyboard */,
				C3050D122A2C8C8800C06E93 /* Assets.xcassets */,
				C3050D142A2C8C8800C06E93 /* LaunchScreen.storyboard */,
				C3050D172A2C8C8800C06E93 /* Info.plist */,
			);
			path = "I am rich";
			sourceTree = "<group>";
		};
		C3050D1F2A2C8C8800C06E93 /* I am richTests */ = {
			isa = PBXGroup;
			children = (
				C3050D202A2C8C8800C06E93 /* I_am_richTests.swift */,
			);
			path = "I am richTests";
			sourceTree = "<group>";
		};
		C3050D292A2C8C8900C06E93 /* I am richUITests */ = {
			isa = PBXGroup;
			children = (
				C3050D2A2A2C8C8900C06E93 /* I_am_richUITests.swift */,
				C3050D2C2A2C8C8900C06E93 /* I_am_richUITestsLaunchTests.swift */,
			);
			path = "I am richUITests";
			sourceTree = "<group>";
		};
/* End PBXGroup section */

/* Begin PBXNativeTarget section */
		C3050D052A2C8C8600C06E93 /* I am rich */ = {
			isa = PBXNativeTarget;
			buildConfigurationList = C3050D302A2C8C8900C06E93 /* Build configuration list for PBXNativeTarget "I am rich" */;
			buildPhases = (
				C3050D022A2C8C8600C06E93 /* Sources */,
				C3050D032A2C8C8600C06E93 /* Frameworks */,
				C3050D042A2C8C8600C06E93 /* Resources */,
			);
			buildRules = (
			);
			dependencies = (
			);
			name = "I am rich";
			productName = "I am rich";
			productReference = C3050D062A2C8C8600C06E93 /* I am rich.app */;
			productType = "com.apple.product-type.application";
		};
		C3050D1B2A2C8C8800C06E93 /* I am richTests */ = {
			isa = PBXNativeTarget;
			buildConfigurationList = C3050D332A2C8C8900C06E93 /* Build configuration list for PBXNativeTarget "I am richTests" */;
			buildPhases = (
				C3050D182A2C8C8800C06E93 /* Sources */,
				C3050D192A2C8C8800C06E93 /* Frameworks */,
				C3050D1A2A2C8C8800C06E93 /* Resources */,
			);
			buildRules = (
			);
			dependencies = (
				C3050D1E2A2C8C8800C06E93 /* PBXTargetDependency */,
			);
			name = "I am richTests";
			productName = "I am richTests";
			productReference = C3050D1C2A2C8C8800C06E93 /* I am richTests.xctest */;
			productType = "com.apple.product-type.bundle.unit-test";
		};
		C3050D252A2C8C8900C06E93 /* I am richUITests */ = {
			isa = PBXNativeTarget;
			buildConfigurationList = C3050D362A2C8C8900C06E93 /* Build configuration list for PBXNativeTarget "I am richUITests" */;
			buildPhases = (
				C3050D222A2C8C8900C06E93 /* Sources */,
				C3050D232A2C8C8900C06E93 /* Frameworks */,
				C3050D242A2C8C8900C06E93 /* Resources */,
			);
			buildRules = (
			);
			dependencies = (
				C3050D282A2C8C8900C06E93 /* PBXTargetDependency */,
			);
			name = "I am richUITests";
			productName = "I am richUITests";
			productReference = C3050D262A2C8C8900C06E93 /* I am richUITests.xctest */;
			productType = "com.apple.product-type.bundle.ui-testing";
		};
/* End PBXNativeTarget section */

/* Begin PBXProject section */
		C3050CFE2A2C8C8600C06E93 /* Project object */ = {
			isa = PBXProject;
			attributes = {
				BuildIndependentTargetsInParallel = 1;
				LastSwiftUpdateCheck = 1430;
				LastUpgradeCheck = 1430;
				TargetAttributes = {
					C3050D052A2C8C8600C06E93 = {
						CreatedOnToolsVersion = 14.3;
					};
					C3050D1B2A2C8C8800C06E93 = {
						CreatedOnToolsVersion = 14.3;
						TestTargetID = C3050D052A2C8C8600C06E93;
					};
					C3050D252A2C8C8900C06E93 = {
						CreatedOnToolsVersion = 14.3;
						TestTargetID = C3050D052A2C8C8600C06E93;
					};
				};
			};
			buildConfigurationList = C3050D012A2C8C8600C06E93 /* Build configuration list for PBXProject "I am rich" */;
			compatibilityVersion = "Xcode 14.0";
			developmentRegion = en;
			hasScannedForEncodings = 0;
			knownRegions = (
				en,
				Base,
			);
			mainGroup = C3050CFD2A2C8C8600C06E93;
			productRefGroup = C3050D072A2C8C8600C06E93 /* Products */;
			projectDirPath = "";
			projectRoot = "";
			targets = (
				C3050D052A2C8C8600C06E93 /* I am rich */,
				C3050D1B2A2C8C8800C06E93 /* I am richTests */,
				C3050D252A2C8C8900C06E93 /* I am richUITests */,
			);
		};
/* End PBXProject section */

/* Begin PBXResourcesBuildPhase section */
		C3050D042A2C8C8600C06E93 /* Resources */ = {
			isa = PBXResourcesBuildPhase;
			buildActionMask = 2147483647;
			files = (
				C3050D162A2C8C8800C06E93 /* LaunchScreen.storyboard in Resources */,
				C3050D132A2C8C8800C06E93 /* Assets.xcassets in Resources */,
				C3050D112A2C8C8600C06E93 /* Main.storyboard in Resources */,
			);
			runOnlyForDeploymentPostprocessing = 0;
		};
		C3050D1A2A2C8C8800C06E93 /* Resources */ = {
			isa = PBXResourcesBuildPhase;
			buildActionMask = 2147483647;
			files = (
			);
			runOnlyForDeploymentPostprocessing = 0;
		};
		C3050D242A2C8C8900C06E93 /* Resources */ = {
			isa = PBXResourcesBuildPhase;
			buildActionMask = 2147483647;
			files = (
			);
			runOnlyForDeploymentPostprocessing = 0;
		};
/* End PBXResourcesBuildPhase section */

/* Begin PBXSourcesBuildPhase section */
		C3050D022A2C8C8600C06E93 /* Sources */ = {
			isa = PBXSourcesBuildPhase;
			buildActionMask = 2147483647;
			files = (
				C3050D0E2A2C8C8600C06E93 /* ViewController.swift in Sources */,
				C3050D0A2A2C8C8600C06E93 /* AppDelegate.swift in Sources */,
				C3050D0C2A2C8C8600C06E93 /* SceneDelegate.swift in Sources */,
			);
			runOnlyForDeploymentPostprocessing = 0;
		};
		C3050D182A2C8C8800C06E93 /* Sources */ = {
			isa = PBXSourcesBuildPhase;
			buildActionMask = 2147483647;
			files = (
				C3050D212A2C8C8800C06E93 /* I_am_richTests.swift in Sources */,
			);
			runOnlyForDeploymentPostprocessing = 0;
		};
		C3050D222A2C8C8900C06E93 /* Sources */ = {
			isa = PBXSourcesBuildPhase;
			buildActionMask = 2147483647;
			files = (
				C3050D2D2A2C8C8900C06E93 /* I_am_richUITestsLaunchTests.swift in Sources */,
				C3050D2B2A2C8C8900C06E93 /* I_am_richUITests.swift in Sources */,
			);
			runOnlyForDeploymentPostprocessing = 0;
		};
/* End PBXSourcesBuildPhase section */

/* Begin PBXTargetDependency section */
		C3050D1E2A2C8C8800C06E93 /* PBXTargetDependency */ = {
			isa = PBXTargetDependency;
			target = C3050D052A2C8C8600C06E93 /* I am rich */;
			targetProxy = C3050D1D2A2C8C8800C06E93 /* PBXContainerItemProxy */;
		};
		C3050D282A2C8C8900C06E93 /* PBXTargetDependency */ = {
			isa = PBXTargetDependency;
			target = C3050D052A2C8C8600C06E93 /* I am rich */;
			targetProxy = C3050D272A2C8C8900C06E93 /* PBXContainerItemProxy */;
		};
/* End PBXTargetDependency section */

/* Begin PBXVariantGroup section */
		C3050D0F2A2C8C8600C06E93 /* Main.storyboard */ = {
			isa = PBXVariantGroup;
			children = (
				C3050D102A2C8C8600C06E93 /* Base */,
			);
			name = Main.storyboard;
			sourceTree = "<group>";
		};
		C3050D142A2C8C8800C06E93 /* LaunchScreen.storyboard */ = {
			isa = PBXVariantGroup;
			children = (
				C3050D152A2C8C8800C06E93 /* Base */,
			);
			name = LaunchScreen.storyboard;
			sourceTree = "<group>";
		};
/* End PBXVariantGroup section */

/* Begin XCBuildConfiguration section */
		C3050D2E2A2C8C8900C06E93 /* Debug */ = {
			isa = XCBuildConfiguration;
			buildSettings = {
				ALWAYS_SEARCH_USER_PATHS = NO;
				CLANG_ANALYZER_NONNULL = YES;
				CLANG_ANALYZER_NUMBER_OBJECT_CONVERSION = YES_AGGRESSIVE;
				CLANG_CXX_LANGUAGE_STANDARD = "gnu++20";
				CLANG_ENABLE_MODULES = YES;
				CLANG_ENABLE_OBJC_ARC = YES;
				CLANG_ENABLE_OBJC_WEAK = YES;
				CLANG_WARN_BLOCK_CAPTURE_AUTORELEASING = YES;
				CLANG_WARN_BOOL_CONVERSION = YES;
				CLANG_WARN_COMMA = YES;
				CLANG_WARN_CONSTANT_CONVERSION = YES;
				CLANG_WARN_DEPRECATED_OBJC_IMPLEMENTATIONS = YES;
				CLANG_WARN_DIRECT_OBJC_ISA_USAGE = YES_ERROR;
				CLANG_WARN_DOCUMENTATION_COMMENTS = YES;
				CLANG_WARN_EMPTY_BODY = YES;
				CLANG_WARN_ENUM_CONVERSION = YES;
				CLANG_WARN_INFINITE_RECURSION = YES;
				CLANG_WARN_INT_CONVERSION = YES;
				CLANG_WARN_NON_LITERAL_NULL_CONVERSION = YES;
				CLANG_WARN_OBJC_IMPLICIT_RETAIN_SELF = YES;
				CLANG_WARN_OBJC_LITERAL_CONVERSION = YES;
				CLANG_WARN_OBJC_ROOT_CLASS = YES_ERROR;
				CLANG_WARN_QUOTED_INCLUDE_IN_FRAMEWORK_HEADER = YES;
				CLANG_WARN_RANGE_LOOP_ANALYSIS = YES;
				CLANG_WARN_STRICT_PROTOTYPES = YES;
				CLANG_WARN_SUSPICIOUS_MOVE = YES;
				CLANG_WARN_UNGUARDED_AVAILABILITY = YES_AGGRESSIVE;
				CLANG_WARN_UNREACHABLE_CODE = YES;
				CLANG_WARN__DUPLICATE_METHOD_MATCH = YES;
				COPY_PHASE_STRIP = NO;
				DEBUG_INFORMATION_FORMAT = dwarf;
				ENABLE_STRICT_OBJC_MSGSEND = YES;
				ENABLE_TESTABILITY = YES;
				GCC_C_LANGUAGE_STANDARD = gnu11;
				GCC_DYNAMIC_NO_PIC = NO;
				GCC_NO_COMMON_BLOCKS = YES;
				GCC_OPTIMIZATION_LEVEL = 0;
				GCC_PREPROCESSOR_DEFINITIONS = (
					"DEBUG=1",
					"$(inherited)",
				);
				GCC_WARN_64_TO_32_BIT_CONVERSION = YES;
				GCC_WARN_ABOUT_RETURN_TYPE = YES_ERROR;
				GCC_WARN_UNDECLARED_SELECTOR = YES;
				GCC_WARN_UNINITIALIZED_AUTOS = YES_AGGRESSIVE;
				GCC_WARN_UNUSED_FUNCTION = YES;
				GCC_WARN_UNUSED_VARIABLE = YES;
				IPHONEOS_DEPLOYMENT_TARGET = 16.4;
				MTL_ENABLE_DEBUG_INFO = INCLUDE_SOURCE;
				MTL_FAST_MATH = YES;
				ONLY_ACTIVE_ARCH = YES;
				SDKROOT = iphoneos;
				SWIFT_ACTIVE_COMPILATION_CONDITIONS = DEBUG;
				SWIFT_OPTIMIZATION_LEVEL = "-Onone";
			};
			name = Debug;
		};
		C3050D2F2A2C8C8900C06E93 /* Release */ = {
			isa = XCBuildConfiguration;
			buildSettings = {
				ALWAYS_SEARCH_USER_PATHS = NO;
				CLANG_ANALYZER_NONNULL = YES;
				CLANG_ANALYZER_NUMBER_OBJECT_CONVERSION = YES_AGGRESSIVE;
				CLANG_CXX_LANGUAGE_STANDARD = "gnu++20";
				CLANG_ENABLE_MODULES = YES;
				CLANG_ENABLE_OBJC_ARC = YES;
				CLANG_ENABLE_OBJC_WEAK = YES;
				CLANG_WARN_BLOCK_CAPTURE_AUTORELEASING = YES;
				CLANG_WARN_BOOL_CONVERSION = YES;
				CLANG_WARN_COMMA = YES;
				CLANG_WARN_CONSTANT_CONVERSION = YES;
				CLANG_WARN_DEPRECATED_OBJC_IMPLEMENTATIONS = YES;
				CLANG_WARN_DIRECT_OBJC_ISA_USAGE = YES_ERROR;
				CLANG_WARN_DOCUMENTATION_COMMENTS = YES;
				CLANG_WARN_EMPTY_BODY = YES;
				CLANG_WARN_ENUM_CONVERSION = YES;
				CLANG_WARN_INFINITE_RECURSION = YES;
				CLANG_WARN_INT_CONVERSION = YES;
				CLANG_WARN_NON_LITERAL_NULL_CONVERSION = YES;
				CLANG_WARN_OBJC_IMPLICIT_RETAIN_SELF = YES;
				CLANG_WARN_OBJC_LITERAL_CONVERSION = YES;
				CLANG_WARN_OBJC_ROOT_CLASS = YES_ERROR;
				CLANG_WARN_QUOTED_INCLUDE_IN_FRAMEWORK_HEADER = YES;
				CLANG_WARN_RANGE_LOOP_ANALYSIS = YES;
				CLANG_WARN_STRICT_PROTOTYPES = YES;
				CLANG_WARN_SUSPICIOUS_MOVE = YES;
				CLANG_WARN_UNGUARDED_AVAILABILITY = YES_AGGRESSIVE;
				CLANG_WARN_UNREACHABLE_CODE = YES;
				CLANG_WARN__DUPLICATE_METHOD_MATCH = YES;
				COPY_PHASE_STRIP = NO;
				DEBUG_INFORMATION_FORMAT = "dwarf-with-dsym";
				ENABLE_NS_ASSERTIONS = NO;
				ENABLE_STRICT_OBJC_MSGSEND = YES;
				GCC_C_LANGUAGE_STANDARD = gnu11;
				GCC_NO_COMMON_BLOCKS = YES;
				GCC_WARN_64_TO_32_BIT_CONVERSION = YES;
				GCC_WARN_ABOUT_RETURN_TYPE = YES_ERROR;
				GCC_WARN_UNDECLARED_SELECTOR = YES;
				GCC_WARN_UNINITIALIZED_AUTOS = YES_AGGRESSIVE;
				GCC_WARN_UNUSED_FUNCTION = YES;
				GCC_WARN_UNUSED_VARIABLE = YES;
				IPHONEOS_DEPLOYMENT_TARGET = 16.4;
				MTL_ENABLE_DEBUG_INFO = NO;
				MTL_FAST_MATH = YES;
				SDKROOT = iphoneos;
				SWIFT_COMPILATION_MODE = wholemodule;
				SWIFT_OPTIMIZATION_LEVEL = "-O";
				VALIDATE_PRODUCT = YES;
			};
			name = Release;
		};
		C3050D312A2C8C8900C06E93 /* Debug */ = {
			isa = XCBuildConfiguration;
			buildSettings = {
				ASSETCATALOG_COMPILER_APPICON_NAME = AppIcon;
				ASSETCATALOG_COMPILER_GLOBAL_ACCENT_COLOR_NAME = AccentColor;
				CODE_SIGN_STYLE = Automatic;
				CURRENT_PROJECT_VERSION = 1;
				GENERATE_INFOPLIST_FILE = YES;
				INFOPLIST_FILE = "I am rich/Info.plist";
				INFOPLIST_KEY_UIApplicationSupportsIndirectInputEvents = YES;
				INFOPLIST_KEY_UILaunchStoryboardName = LaunchScreen;
				INFOPLIST_KEY_UIMainStoryboardFile = Main;
				INFOPLIST_KEY_UISupportedInterfaceOrientations_iPad = "UIInterfaceOrientationPortrait UIInterfaceOrientationPortraitUpsideDown UIInterfaceOrientationLandscapeLeft UIInterfaceOrientationLandscapeRight";
				INFOPLIST_KEY_UISupportedInterfaceOrientations_iPhone = "UIInterfaceOrientationPortrait UIInterfaceOrientationLandscapeLeft UIInterfaceOrientationLandscapeRight";
				LD_RUNPATH_SEARCH_PATHS = (
					"$(inherited)",
					"@executable_path/Frameworks",
				);
				MARKETING_VERSION = 1.0;
				PRODUCT_BUNDLE_IDENTIFIER = "tin.learn.i-am-rich.I-am-rich";
				PRODUCT_NAME = "$(TARGET_NAME)";
				SWIFT_EMIT_LOC_STRINGS = YES;
				SWIFT_VERSION = 5.0;
				TARGETED_DEVICE_FAMILY = "1,2";
			};
			name = Debug;
		};
		C3050D322A2C8C8900C06E93 /* Release */ = {
			isa = XCBuildConfiguration;
			buildSettings = {
				ASSETCATALOG_COMPILER_APPICON_NAME = AppIcon;
				ASSETCATALOG_COMPILER_GLOBAL_ACCENT_COLOR_NAME = AccentColor;
				CODE_SIGN_STYLE = Automatic;
				CURRENT_PROJECT_VERSION = 1;
				GENERATE_INFOPLIST_FILE = YES;
				INFOPLIST_FILE = "I am rich/Info.plist";
				INFOPLIST_KEY_UIApplicationSupportsIndirectInputEvents = YES;
				INFOPLIST_KEY_UILaunchStoryboardName = LaunchScreen;
				INFOPLIST_KEY_UIMainStoryboardFile = Main;
				INFOPLIST_KEY_UISupportedInterfaceOrientations_iPad = "UIInterfaceOrientationPortrait UIInterfaceOrientationPortraitUpsideDown UIInterfaceOrientationLandscapeLeft UIInterfaceOrientationLandscapeRight";
				INFOPLIST_KEY_UISupportedInterfaceOrientations_iPhone = "UIInterfaceOrientationPortrait UIInterfaceOrientationLandscapeLeft UIInterfaceOrientationLandscapeRight";
				LD_RUNPATH_SEARCH_PATHS = (
					"$(inherited)",
					"@executable_path/Frameworks",
				);
				MARKETING_VERSION = 1.0;
				PRODUCT_BUNDLE_IDENTIFIER = "tin.learn.i-am-rich.I-am-rich";
				PRODUCT_NAME = "$(TARGET_NAME)";
				SWIFT_EMIT_LOC_STRINGS = YES;
				SWIFT_VERSION = 5.0;
				TARGETED_DEVICE_FAMILY = "1,2";
			};
			name = Release;
		};
		C3050D342A2C8C8900C06E93 /* Debug */ = {
			isa = XCBuildConfiguration;
			buildSettings = {
				ALWAYS_EMBED_SWIFT_STANDARD_LIBRARIES = YES;
				BUNDLE_LOADER = "$(TEST_HOST)";
				CODE_SIGN_STYLE = Automatic;
				CURRENT_PROJECT_VERSION = 1;
				GENERATE_INFOPLIST_FILE = YES;
				IPHONEOS_DEPLOYMENT_TARGET = 16.4;
				MARKETING_VERSION = 1.0;
				PRODUCT_BUNDLE_IDENTIFIER = "tin.learn.i-am-rich.I-am-richTests";
				PRODUCT_NAME = "$(TARGET_NAME)";
				SWIFT_EMIT_LOC_STRINGS = NO;
				SWIFT_VERSION = 5.0;
				TARGETED_DEVICE_FAMILY = "1,2";
				TEST_HOST = "$(BUILT_PRODUCTS_DIR)/I am rich.app/$(BUNDLE_EXECUTABLE_FOLDER_PATH)/I am rich";
			};
			name = Debug;
		};
		C3050D352A2C8C8900C06E93 /* Release */ = {
			isa = XCBuildConfiguration;
			buildSettings = {
				ALWAYS_EMBED_SWIFT_STANDARD_LIBRARIES = YES;
				BUNDLE_LOADER = "$(TEST_HOST)";
				CODE_SIGN_STYLE = Automatic;
				CURRENT_PROJECT_VERSION = 1;
				GENERATE_INFOPLIST_FILE = YES;
				IPHONEOS_DEPLOYMENT_TARGET = 16.4;
				MARKETING_VERSION = 1.0;
				PRODUCT_BUNDLE_IDENTIFIER = "tin.learn.i-am-rich.I-am-richTests";
				PRODUCT_NAME = "$(TARGET_NAME)";
				SWIFT_EMIT_LOC_STRINGS = NO;
				SWIFT_VERSION = 5.0;
				TARGETED_DEVICE_FAMILY = "1,2";
				TEST_HOST = "$(BUILT_PRODUCTS_DIR)/I am rich.app/$(BUNDLE_EXECUTABLE_FOLDER_PATH)/I am rich";
			};
			name = Release;
		};
		C3050D372A2C8C8900C06E93 /* Debug */ = {
			isa = XCBuildConfiguration;
			buildSettings = {
				ALWAYS_EMBED_SWIFT_STANDARD_LIBRARIES = YES;
				CODE_SIGN_STYLE = Automatic;
				CURRENT_PROJECT_VERSION = 1;
				GENERATE_INFOPLIST_FILE = YES;
				MARKETING_VERSION = 1.0;
				PRODUCT_BUNDLE_IDENTIFIER = "tin.learn.i-am-rich.I-am-richUITests";
				PRODUCT_NAME = "$(TARGET_NAME)";
				SWIFT_EMIT_LOC_STRINGS = NO;
				SWIFT_VERSION = 5.0;
				TARGETED_DEVICE_FAMILY = "1,2";
				TEST_TARGET_NAME = "I am rich";
			};
			name = Debug;
		};
		C3050D382A2C8C8900C06E93 /* Release */ = {
			isa = XCBuildConfiguration;
			buildSettings = {
				ALWAYS_EMBED_SWIFT_STANDARD_LIBRARIES = YES;
				CODE_SIGN_STYLE = Automatic;
				CURRENT_PROJECT_VERSION = 1;
				GENERATE_INFOPLIST_FILE = YES;
				MARKETING_VERSION = 1.0;
				PRODUCT_BUNDLE_IDENTIFIER = "tin.learn.i-am-rich.I-am-richUITests";
				PRODUCT_NAME = "$(TARGET_NAME)";
				SWIFT_EMIT_LOC_STRINGS = NO;
				SWIFT_VERSION = 5.0;
				TARGETED_DEVICE_FAMILY = "1,2";
				TEST_TARGET_NAME = "I am rich";
			};
			name = Release;
		};
/* End XCBuildConfiguration section */

/* Begin XCConfigurationList section */
		C3050D012A2C8C8600C06E93 /* Build configuration list for PBXProject "I am rich" */ = {
			isa = XCConfigurationList;
			buildConfigurations = (
				C3050D2E2A2C8C8900C06E93 /* Debug */,
				C3050D2F2A2C8C8900C06E93 /* Release */,
			);
			defaultConfigurationIsVisible = 0;
			defaultConfigurationName = Release;
		};
		C3050D302A2C8C8900C06E93 /* Build configuration list for PBXNativeTarget "I am rich" */ = {
			isa = XCConfigurationList;
			buildConfigurations = (
				C3050D312A2C8C8900C06E93 /* Debug */,
				C3050D322A2C8C8900C06E93 /* Release */,
			);
			defaultConfigurationIsVisible = 0;
			defaultConfigurationName = Release;
		};
		C3050D332A2C8C8900C06E93 /* Build configuration list for PBXNativeTarget "I am richTests" */ = {
			isa = XCConfigurationList;
			buildConfigurations = (
				C3050D342A2C8C8900C06E93 /* Debug */,
				C3050D352A2C8C8900C06E93 /* Release */,
			);
			defaultConfigurationIsVisible = 0;
			defaultConfigurationName = Release;
		};
		C3050D362A2C8C8900C06E93 /* Build configuration list for PBXNativeTarget "I am richUITests" */ = {
			isa = XCConfigurationList;
			buildConfigurations = (
				C3050D372A2C8C8900C06E93 /* Debug */,
				C3050D382A2C8C8900C06E93 /* Release */,
			);
			defaultConfigurationIsVisible = 0;
			defaultConfigurationName = Release;
		};
/* End XCConfigurationList section */
	};
	rootObject = C3050CFE2A2C8C8600C06E93 /* Project object */;
}
